
Microsoft Visual Studio Solution File, Format Version 12.00
# Visual Studio 15
VisualStudioVersion = 15.0.28307.572
MinimumVisualStudioVersion = 10.0.40219.1
Project("{FAE04EC0-301F-11D3-BF4B-00C04F79EFBC}") = "ListView", "ListView\ListView.csproj", "{7A841A90-C5A5-4B38-BB30-D827E48B5AB2}"
EndProject
Global
	GlobalSection(SolutionConfigurationPlatforms) = preSolution
		Debug|Any CPU = Debug|Any CPU
		Release|Any CPU = Release|Any CPU
	EndGlobalSection
	GlobalSection(ProjectConfigurationPlatforms) = postSolution
		{7A841A90-C5A5-4B38-BB30-D827E48B5AB2}.Debug|Any CPU.ActiveCfg = Debug|Any CPU
		{7A841A90-C5A5-4B38-BB30-D827E48B5AB2}.Debug|Any CPU.Build.0 = Debug|Any CPU
		{7A841A90-C5A5-4B38-BB30-D827E48B5AB2}.Release|Any CPU.ActiveCfg = Release|Any CPU
		{7A841A90-C5A5-4B38-BB30-D827E48B5AB2}.Release|Any CPU.Build.0 = Release|Any CPU
	EndGlobalSection
	GlobalSection(SolutionProperties) = preSolution
		HideSolutionNode = FALSE
	EndGlobalSection
	GlobalSection(ExtensibilityGlobals) = postSolution
		SolutionGuid = {39CECC50-8923-4CB6-97EE-BCCF26FB39ED}
	EndGlobalSection
EndGlobal
